
Microsoft Visual Studio Solution File, Format Version 12.00
# Visual Studio 14
VisualStudioVersion = 14.0.25420.1
MinimumVisualStudioVersion = 10.0.40219.1
Project("{888888A0-9F3D-457C-B088-3A5042F75D52}") = "TCP_Client", "TCP_Client\TCP_Client.pyproj", "{76977331-1EF2-4DD8-B482-36A151150B25}"
EndProject
Project("{888888A0-9F3D-457C-B088-3A5042F75D52}") = "UDP_Client", "UDP_Client\UDP_Client.pyproj", "{06A13499-4F16-4AC1-8A0D-C94D00D71035}"
EndProject
Project("{888888A0-9F3D-457C-B088-3A5042F75D52}") = "TCP_Server", "TCP_Server\TCP_Server.pyproj", "{4ED4EB04-9085-4397-8BF7-C017C48EF3C7}"
EndProject
Project("{888888A0-9F3D-457C-B088-3A5042F75D52}") = "DIY_Netcat", "DIY_Netcat\DIY_Netcat.pyproj", "{0CB88A2E-EA10-4BB5-8BD3-010D75925F64}"
EndProject
Project("{888888A0-9F3D-457C-B088-3A5042F75D52}") = "BHP_Source", "BHP_Source\BHP_Source.pyproj", "{1557DA47-0CA0-4E25-B1A1-0C7543C8A567}"
EndProject
Project("{888888A0-9F3D-457C-B088-3A5042F75D52}") = "TCP_Proxy", "PythonApplication1\TCP_Proxy.pyproj", "{59C097CD-7093-4C12-B2AC-C976FD5A722A}"
EndProject
Project("{888888A0-9F3D-457C-B088-3A5042F75D52}") = "ssh_cmd", "ssh_cmd\ssh_cmd.pyproj", "{A73BF7EF-95FA-4CEE-815A-AC4600B1126B}"
EndProject
Project("{888888A0-9F3D-457C-B088-3A5042F75D52}") = "ssh_reverse_cmd", "ssh_reverse_cmd\ssh_reverse_cmd.pyproj", "{1CDA7EC0-77C4-463A-BA7B-D13DCFAF8968}"
EndProject
Project("{888888A0-9F3D-457C-B088-3A5042F75D52}") = "ssh_server", "ssh_server\ssh_server.pyproj", "{5FB9CF57-B07A-48F3-A851-3921E343584F}"
EndProject
Project("{888888A0-9F3D-457C-B088-3A5042F75D52}") = "rforward", "rforward\rforward.pyproj", "{3187C2C5-A162-4591-B07A-B41FC5F994DB}"
EndProject
Project("{888888A0-9F3D-457C-B088-3A5042F75D52}") = "sniffer_1_pkt", "sniffer_1_pkt\sniffer_1_pkt.pyproj", "{FA90AB95-5406-4379-80BC-2E9F632B7CAE}"
EndProject
Project("{888888A0-9F3D-457C-B088-3A5042F75D52}") = "sniffer_decoded", "sniffer_decoded\sniffer_decoded.pyproj", "{CF4DF9F2-15D8-46D1-A8A9-B95CBAAEEB01}"
EndProject
Project("{888888A0-9F3D-457C-B088-3A5042F75D52}") = "host_scanner", "host_scanner\host_scanner.pyproj", "{BE22F204-04CB-4542-AE11-3F99E612944D}"
EndProject
Global
	GlobalSection(SolutionConfigurationPlatforms) = preSolution
		Debug|Any CPU = Debug|Any CPU
		Release|Any CPU = Release|Any CPU
	EndGlobalSection
	GlobalSection(ProjectConfigurationPlatforms) = postSolution
		{76977331-1EF2-4DD8-B482-36A151150B25}.Debug|Any CPU.ActiveCfg = Debug|Any CPU
		{76977331-1EF2-4DD8-B482-36A151150B25}.Release|Any CPU.ActiveCfg = Release|Any CPU
		{06A13499-4F16-4AC1-8A0D-C94D00D71035}.Debug|Any CPU.ActiveCfg = Debug|Any CPU
		{06A13499-4F16-4AC1-8A0D-C94D00D71035}.Release|Any CPU.ActiveCfg = Release|Any CPU
		{4ED4EB04-9085-4397-8BF7-C017C48EF3C7}.Debug|Any CPU.ActiveCfg = Debug|Any CPU
		{4ED4EB04-9085-4397-8BF7-C017C48EF3C7}.Release|Any CPU.ActiveCfg = Release|Any CPU
		{0CB88A2E-EA10-4BB5-8BD3-010D75925F64}.Debug|Any CPU.ActiveCfg = Debug|Any CPU
		{0CB88A2E-EA10-4BB5-8BD3-010D75925F64}.Release|Any CPU.ActiveCfg = Release|Any CPU
		{1557DA47-0CA0-4E25-B1A1-0C7543C8A567}.Debug|Any CPU.ActiveCfg = Debug|Any CPU
		{1557DA47-0CA0-4E25-B1A1-0C7543C8A567}.Release|Any CPU.ActiveCfg = Release|Any CPU
		{59C097CD-7093-4C12-B2AC-C976FD5A722A}.Debug|Any CPU.ActiveCfg = Debug|Any CPU
		{59C097CD-7093-4C12-B2AC-C976FD5A722A}.Release|Any CPU.ActiveCfg = Release|Any CPU
		{A73BF7EF-95FA-4CEE-815A-AC4600B1126B}.Debug|Any CPU.ActiveCfg = Debug|Any CPU
		{A73BF7EF-95FA-4CEE-815A-AC4600B1126B}.Release|Any CPU.ActiveCfg = Release|Any CPU
		{1CDA7EC0-77C4-463A-BA7B-D13DCFAF8968}.Debug|Any CPU.ActiveCfg = Debug|Any CPU
		{1CDA7EC0-77C4-463A-BA7B-D13DCFAF8968}.Release|Any CPU.ActiveCfg = Release|Any CPU
		{5FB9CF57-B07A-48F3-A851-3921E343584F}.Debug|Any CPU.ActiveCfg = Debug|Any CPU
		{5FB9CF57-B07A-48F3-A851-3921E343584F}.Release|Any CPU.ActiveCfg = Release|Any CPU
		{3187C2C5-A162-4591-B07A-B41FC5F994DB}.Debug|Any CPU.ActiveCfg = Debug|Any CPU
		{3187C2C5-A162-4591-B07A-B41FC5F994DB}.Release|Any CPU.ActiveCfg = Release|Any CPU
		{FA90AB95-5406-4379-80BC-2E9F632B7CAE}.Debug|Any CPU.ActiveCfg = Debug|Any CPU
		{FA90AB95-5406-4379-80BC-2E9F632B7CAE}.Release|Any CPU.ActiveCfg = Release|Any CPU
		{CF4DF9F2-15D8-46D1-A8A9-B95CBAAEEB01}.Debug|Any CPU.ActiveCfg = Debug|Any CPU
		{CF4DF9F2-15D8-46D1-A8A9-B95CBAAEEB01}.Release|Any CPU.ActiveCfg = Release|Any CPU
		{BE22F204-04CB-4542-AE11-3F99E612944D}.Debug|Any CPU.ActiveCfg = Debug|Any CPU
		{BE22F204-04CB-4542-AE11-3F99E612944D}.Release|Any CPU.ActiveCfg = Release|Any CPU
	EndGlobalSection
	GlobalSection(SolutionProperties) = preSolution
		HideSolutionNode = FALSE
	EndGlobalSection
EndGlobal
